
Microsoft Visual Studio Solution File, Format Version 12.00
# Visual Studio 15
Project("{FAE04EC0-301F-11D3-BF4B-00C04F79EFBC}") = "UrlMapper.App.Android", "UrlMapper.App.Android\UrlMapper.App.Android.csproj", "{1D1DBC4A-9999-45E2-9F03-0E0572BD4C9E}"
EndProject
Project("{FAE04EC0-301F-11D3-BF4B-00C04F79EFBC}") = "UrlMapper.App.iOS", "UrlMapper.App.iOS\UrlMapper.App.iOS.csproj", "{062B43B6-2867-48AF-ABFE-51AFC62A41AA}"
EndProject
Project("{FAE04EC0-301F-11D3-BF4B-00C04F79EFBC}") = "UrlMapper.App", "UrlMapper.App\UrlMapper.App.csproj", "{02F65540-B872-4B7D-8EF1-EF30FC60CB1F}"
EndProject
Project("{FAE04EC0-301F-11D3-BF4B-00C04F79EFBC}") = "UrlMapper", "..\UrlMapper\UrlMapper.csproj", "{8ECEFE71-BD62-418C-B421-6C6C47941101}"
EndProject
Global
	GlobalSection(SolutionConfigurationPlatforms) = preSolution
		Debug|Any CPU = Debug|Any CPU
		Release|Any CPU = Release|Any CPU
		Debug|iPhoneSimulator = Debug|iPhoneSimulator
		Release|iPhoneSimulator = Release|iPhoneSimulator
		Debug|iPhone = Debug|iPhone
		Release|iPhone = Release|iPhone
		Ad-Hoc|iPhone = Ad-Hoc|iPhone
		AppStore|iPhone = AppStore|iPhone
	EndGlobalSection
	GlobalSection(ProjectConfigurationPlatforms) = postSolution
		{1D1DBC4A-9999-45E2-9F03-0E0572BD4C9E}.Debug|Any CPU.ActiveCfg = Debug|Any CPU
		{1D1DBC4A-9999-45E2-9F03-0E0572BD4C9E}.Debug|Any CPU.Build.0 = Debug|Any CPU
		{1D1DBC4A-9999-45E2-9F03-0E0572BD4C9E}.Release|Any CPU.ActiveCfg = Release|Any CPU
		{1D1DBC4A-9999-45E2-9F03-0E0572BD4C9E}.Release|Any CPU.Build.0 = Release|Any CPU
		{1D1DBC4A-9999-45E2-9F03-0E0572BD4C9E}.Debug|iPhoneSimulator.ActiveCfg = Debug|Any CPU
		{1D1DBC4A-9999-45E2-9F03-0E0572BD4C9E}.Debug|iPhoneSimulator.Build.0 = Debug|Any CPU
		{1D1DBC4A-9999-45E2-9F03-0E0572BD4C9E}.Release|iPhoneSimulator.ActiveCfg = Release|Any CPU
		{1D1DBC4A-9999-45E2-9F03-0E0572BD4C9E}.Release|iPhoneSimulator.Build.0 = Release|Any CPU
		{1D1DBC4A-9999-45E2-9F03-0E0572BD4C9E}.Debug|iPhone.ActiveCfg = Debug|Any CPU
		{1D1DBC4A-9999-45E2-9F03-0E0572BD4C9E}.Debug|iPhone.Build.0 = Debug|Any CPU
		{1D1DBC4A-9999-45E2-9F03-0E0572BD4C9E}.Release|iPhone.ActiveCfg = Release|Any CPU
		{1D1DBC4A-9999-45E2-9F03-0E0572BD4C9E}.Release|iPhone.Build.0 = Release|Any CPU
		{1D1DBC4A-9999-45E2-9F03-0E0572BD4C9E}.Ad-Hoc|iPhone.ActiveCfg = Debug|Any CPU
		{1D1DBC4A-9999-45E2-9F03-0E0572BD4C9E}.Ad-Hoc|iPhone.Build.0 = Debug|Any CPU
		{1D1DBC4A-9999-45E2-9F03-0E0572BD4C9E}.AppStore|iPhone.ActiveCfg = Debug|Any CPU
		{1D1DBC4A-9999-45E2-9F03-0E0572BD4C9E}.AppStore|iPhone.Build.0 = Debug|Any CPU
		{062B43B6-2867-48AF-ABFE-51AFC62A41AA}.Debug|Any CPU.ActiveCfg = Debug|iPhoneSimulator
		{062B43B6-2867-48AF-ABFE-51AFC62A41AA}.Debug|Any CPU.Build.0 = Debug|iPhoneSimulator
		{062B43B6-2867-48AF-ABFE-51AFC62A41AA}.Release|Any CPU.ActiveCfg = Release|iPhoneSimulator
		{062B43B6-2867-48AF-ABFE-51AFC62A41AA}.Release|Any CPU.Build.0 = Release|iPhoneSimulator
		{062B43B6-2867-48AF-ABFE-51AFC62A41AA}.Debug|iPhoneSimulator.ActiveCfg = Debug|iPhoneSimulator
		{062B43B6-2867-48AF-ABFE-51AFC62A41AA}.Debug|iPhoneSimulator.Build.0 = Debug|iPhoneSimulator
		{062B43B6-2867-48AF-ABFE-51AFC62A41AA}.Release|iPhoneSimulator.ActiveCfg = Release|iPhoneSimulator
		{062B43B6-2867-48AF-ABFE-51AFC62A41AA}.Release|iPhoneSimulator.Build.0 = Release|iPhoneSimulator
		{062B43B6-2867-48AF-ABFE-51AFC62A41AA}.Debug|iPhone.ActiveCfg = Debug|iPhone
		{062B43B6-2867-48AF-ABFE-51AFC62A41AA}.Debug|iPhone.Build.0 = Debug|iPhone
		{062B43B6-2867-48AF-ABFE-51AFC62A41AA}.Release|iPhone.ActiveCfg = Release|iPhone
		{062B43B6-2867-48AF-ABFE-51AFC62A41AA}.Release|iPhone.Build.0 = Release|iPhone
		{062B43B6-2867-48AF-ABFE-51AFC62A41AA}.Ad-Hoc|iPhone.ActiveCfg = Ad-Hoc|iPhone
		{062B43B6-2867-48AF-ABFE-51AFC62A41AA}.Ad-Hoc|iPhone.Build.0 = Ad-Hoc|iPhone
		{062B43B6-2867-48AF-ABFE-51AFC62A41AA}.AppStore|iPhone.ActiveCfg = AppStore|iPhone
		{062B43B6-2867-48AF-ABFE-51AFC62A41AA}.AppStore|iPhone.Build.0 = AppStore|iPhone
		{02F65540-B872-4B7D-8EF1-EF30FC60CB1F}.Debug|Any CPU.ActiveCfg = Debug|Any CPU
		{02F65540-B872-4B7D-8EF1-EF30FC60CB1F}.Debug|Any CPU.Build.0 = Debug|Any CPU
		{02F65540-B872-4B7D-8EF1-EF30FC60CB1F}.Release|Any CPU.ActiveCfg = Release|Any CPU
		{02F65540-B872-4B7D-8EF1-EF30FC60CB1F}.Release|Any CPU.Build.0 = Release|Any CPU
		{02F65540-B872-4B7D-8EF1-EF30FC60CB1F}.Debug|iPhoneSimulator.ActiveCfg = Debug|Any CPU
		{02F65540-B872-4B7D-8EF1-EF30FC60CB1F}.Debug|iPhoneSimulator.Build.0 = Debug|Any CPU
		{02F65540-B872-4B7D-8EF1-EF30FC60CB1F}.Release|iPhoneSimulator.ActiveCfg = Release|Any CPU
		{02F65540-B872-4B7D-8EF1-EF30FC60CB1F}.Release|iPhoneSimulator.Build.0 = Release|Any CPU
		{02F65540-B872-4B7D-8EF1-EF30FC60CB1F}.Debug|iPhone.ActiveCfg = Debug|Any CPU
		{02F65540-B872-4B7D-8EF1-EF30FC60CB1F}.Debug|iPhone.Build.0 = Debug|Any CPU
		{02F65540-B872-4B7D-8EF1-EF30FC60CB1F}.Release|iPhone.ActiveCfg = Release|Any CPU
		{02F65540-B872-4B7D-8EF1-EF30FC60CB1F}.Release|iPhone.Build.0 = Release|Any CPU
		{02F65540-B872-4B7D-8EF1-EF30FC60CB1F}.Ad-Hoc|iPhone.ActiveCfg = Debug|Any CPU
		{02F65540-B872-4B7D-8EF1-EF30FC60CB1F}.Ad-Hoc|iPhone.Build.0 = Debug|Any CPU
		{02F65540-B872-4B7D-8EF1-EF30FC60CB1F}.AppStore|iPhone.ActiveCfg = Debug|Any CPU
		{02F65540-B872-4B7D-8EF1-EF30FC60CB1F}.AppStore|iPhone.Build.0 = Debug|Any CPU
		{8ECEFE71-BD62-418C-B421-6C6C47941101}.Debug|Any CPU.ActiveCfg = Debug|Any CPU
		{8ECEFE71-BD62-418C-B421-6C6C47941101}.Debug|Any CPU.Build.0 = Debug|Any CPU
		{8ECEFE71-BD62-418C-B421-6C6C47941101}.Release|Any CPU.ActiveCfg = Release|Any CPU
		{8ECEFE71-BD62-418C-B421-6C6C47941101}.Release|Any CPU.Build.0 = Release|Any CPU
		{8ECEFE71-BD62-418C-B421-6C6C47941101}.Debug|iPhoneSimulator.ActiveCfg = Debug|Any CPU
		{8ECEFE71-BD62-418C-B421-6C6C47941101}.Debug|iPhoneSimulator.Build.0 = Debug|Any CPU
		{8ECEFE71-BD62-418C-B421-6C6C47941101}.Release|iPhoneSimulator.ActiveCfg = Release|Any CPU
		{8ECEFE71-BD62-418C-B421-6C6C47941101}.Release|iPhoneSimulator.Build.0 = Release|Any CPU
		{8ECEFE71-BD62-418C-B421-6C6C47941101}.Debug|iPhone.ActiveCfg = Debug|Any CPU
		{8ECEFE71-BD62-418C-B421-6C6C47941101}.Debug|iPhone.Build.0 = Debug|Any CPU
		{8ECEFE71-BD62-418C-B421-6C6C47941101}.Release|iPhone.ActiveCfg = Release|Any CPU
		{8ECEFE71-BD62-418C-B421-6C6C47941101}.Release|iPhone.Build.0 = Release|Any CPU
		{8ECEFE71-BD62-418C-B421-6C6C47941101}.Ad-Hoc|iPhone.ActiveCfg = Debug|Any CPU
		{8ECEFE71-BD62-418C-B421-6C6C47941101}.Ad-Hoc|iPhone.Build.0 = Debug|Any CPU
		{8ECEFE71-BD62-418C-B421-6C6C47941101}.AppStore|iPhone.ActiveCfg = Debug|Any CPU
		{8ECEFE71-BD62-418C-B421-6C6C47941101}.AppStore|iPhone.Build.0 = Debug|Any CPU
	EndGlobalSection
EndGlobal
